<?xml version="1.0" encoding="utf-8"?>
<Project ToolsVersion="4.0" xmlns="http://schemas.microsoft.com/developer/msbuild/2003">
  <ItemGroup>
    <Filter Include="Source Files">
      <UniqueIdentifier>{4FC737F1-C7A5-4376-A066-2A32D752A2FF}</UniqueIdentifier>
      <Extensions>cpp;c;cc;cxx;def;odl;idl;hpj;bat;asm;asmx</Extensions>
    </Filter>
    <Filter Include="Header Files">
      <UniqueIdentifier>{93995380-89BD-4b04-88EB-625FBE52EBFB}</UniqueIdentifier>
      <Extensions>h;hh;hpp;hxx;hm;inl;inc;xsd</Extensions>
    </Filter>
    <Filter Include="Resource Files">
      <UniqueIdentifier>{67DA6AB6-F800-4c08-8B7A-83BB121AAD01}</UniqueIdentifier>
      <Extensions>rc;ico;cur;bmp;dlg;rc2;rct;bin;rgs;gif;jpg;jpeg;jpe;resx;tiff;tif;png;wav;mfcribbon-ms</Extensions>
    </Filter>
    <Filter Include="Source Files\lua-headers">
      <UniqueIdentifier>{3e2da3eb-b16a-4d69-b503-57b57094be76}</UniqueIdentifier>
    </Filter>
    <Filter Include="Source Files\Database">
      <UniqueIdentifier>{ce30bfcf-7d1d-40ca-8829-36d4b2789331}</UniqueIdentifier>
    </Filter>
    <Filter Include="Source Files\Utils">
      <UniqueIdentifier>{dfcba871-7f20-4935-9629-b4efd10842d0}</UniqueIdentifier>
    </Filter>
  </ItemGroup>
  <ItemGroup>
    <ClCompile Include="main.cpp">
      <Filter>Source Files</Filter>
    </ClCompile>
    <ClCompile Include="lua-headers\ILuaInterface.cpp">
      <Filter>Source Files\lua-headers</Filter>
    </ClCompile>
    <ClCompile Include="lua-headers\ILuaModuleManager.cpp">
      <Filter>Source Files\lua-headers</Filter>
    </ClCompile>
    <ClCompile Include="lua-headers\ILuaObject.cpp">
      <Filter>Source Files\lua-headers</Filter>
    </ClCompile>
    <ClCompile Include="Database.cpp">
      <Filter>Source Files\Database</Filter>
    </ClCompile>
    <ClCompile Include="DatabaseIterator.cpp">
      <Filter>Source Files\Database</Filter>
    </ClCompile>
    <ClCompile Include="Murmer.cpp">
      <Filter>Source Files\Utils</Filter>
    </ClCompile>
    <ClCompile Include="BaseEncode.cpp">
      <Filter>Source Files\Utils</Filter>
    </ClCompile>
    <ClCompile Include="UniqueID.cpp">
      <Filter>Source Files\Utils</Filter>
    </ClCompile>
    <ClCompile Include="sha1.cpp">
      <Filter>Source Files\Utils</Filter>
    </ClCompile>
  </ItemGroup>
  <ItemGroup>
    <ClInclude Include="main.h">
      <Filter>Source Files</Filter>
    </ClInclude>
    <ClInclude Include="Vector.h">
      <Filter>Header Files</Filter>
    </ClInclude>
    <ClInclude Include="LuaUpvalues.h">
      <Filter>Source Files</Filter>
    </ClInclude>
    <ClInclude Include="Database.h">
      <Filter>Source Files\Database</Filter>
    </ClInclude>
    <ClInclude Include="DatabaseIterator.h">
      <Filter>Source Files\Database</Filter>
    </ClInclude>
    <ClInclude Include="Murmer.h">
      <Filter>Source Files\Utils</Filter>
    </ClInclude>
    <ClInclude Include="BaseEncode.h">
      <Filter>Source Files\Utils</Filter>
    </ClInclude>
    <ClInclude Include="UniqueID.h">
      <Filter>Source Files\Utils</Filter>
    </ClInclude>
    <ClInclude Include="sha1.h">
      <Filter>Source Files\Utils</Filter>
    </ClInclude>
  </ItemGroup>
</Project>